{
    "_readme": [
        "This file locks the dependencies of your project to a known state",
        "Read more about it at https://getcomposer.org/doc/01-basic-usage.md#installing-dependencies",
        "This file is @generated automatically"
    ],
    "content-hash": "1c6b6e47c15095d19e35b3c969ff6be5",
    "packages": [
        {
            "name": "npm-asset/sortablejs",
            "version": "1.8.1",
            "dist": {
                "type": "tar",
                "url": "https://registry.npmjs.org/sortablejs/-/sortablejs-1.8.1.tgz",
                "reference": null,
                "shasum": null
            },
            "type": "library"
        }
    ],
    "packages-dev": [],
    "aliases": [],
    "minimum-stability": "stable",
    "stability-flags": [],
    "prefer-stable": false,
    "prefer-lowest": false,
    "platform": [],
    "platform-dev": []
}
