{
    "_readme": [
        "This file locks the dependencies of your project to a known state",
        "Read more about it at https://getcomposer.org/doc/01-basic-usage.md#installing-dependencies",
        "This file is @generated automatically"
    ],
    "content-hash": "3bf919401a86fe982ba715fdf51fac4e",
    "packages": [
        {
            "name": "bower-asset/sortablejs",
            "version": "1.8.1",
            "source": {
                "type": "git",
                "url": "https://github.com/SortableJS/Sortable.git",
                "reference": "41e339483d70618752d091d77d12c35c299e3af0"
            },
            "dist": {
                "type": "zip",
                "url": "https://api.github.com/repos/SortableJS/Sortable/zipball/41e339483d70618752d091d77d12c35c299e3af0",
                "reference": "41e339483d70618752d091d77d12c35c299e3af0",
                "shasum": ""
            },
            "type": "bower-asset-library",
            "extra": {
                "bower-asset-main": [
                    "Sortable.js"
                ],
                "bower-asset-ignore": [
                    "node_modules",
                    "bower_components",
                    "test",
                    "tests"
                ]
            },
            "license": [
                "MIT"
            ],
            "description": "Minimalist library for reorderable drag-and-drop lists on modern browsers and touch devices. No jQuery.",
            "keywords": [
                "and",
                "dnd",
                "drag",
                "drop",
                "html5",
                "list",
                "reorder",
                "sortable",
                "web-components"
            ],
            "time": "2019-01-16T00:19:04+00:00"
        }
    ],
    "packages-dev": [],
    "aliases": [],
    "minimum-stability": "stable",
    "stability-flags": [],
    "prefer-stable": false,
    "prefer-lowest": false,
    "platform": [],
    "platform-dev": []
}
